
Microsoft Visual Studio Solution File, Format Version 12.00
# Visual Studio Express 2012 for Windows Desktop
Project("{FAE04EC0-301F-11D3-BF4B-00C04F79EFBC}") = "FT245B", "FT245B\FT245B.csproj", "{C8885AC7-F07F-4CD9-A8EE-57677447CD55}"
EndProject
Project("{FAE04EC0-301F-11D3-BF4B-00C04F79EFBC}") = "LCD_over_FT245B", "LCD_over_FT245B\LCD_over_FT245B.csproj", "{0C50A9E9-A3B3-4B18-B87E-8F55E40EFE15}"
EndProject
Project("{FAE04EC0-301F-11D3-BF4B-00C04F79EFBC}") = "WindowsFormsApplication1", "WindowsFormsApplication1\WindowsFormsApplication1.csproj", "{506590FE-60DD-4761-9D80-D05EA44DAC05}"
EndProject
Global
	GlobalSection(SolutionConfigurationPlatforms) = preSolution
		Debug|Any CPU = Debug|Any CPU
		Debug|Mixed Platforms = Debug|Mixed Platforms
		Debug|x86 = Debug|x86
		Release|Any CPU = Release|Any CPU
		Release|Mixed Platforms = Release|Mixed Platforms
		Release|x86 = Release|x86
	EndGlobalSection
	GlobalSection(ProjectConfigurationPlatforms) = postSolution
		{C8885AC7-F07F-4CD9-A8EE-57677447CD55}.Debug|Any CPU.ActiveCfg = Debug|x86
		{C8885AC7-F07F-4CD9-A8EE-57677447CD55}.Debug|Mixed Platforms.ActiveCfg = Debug|x86
		{C8885AC7-F07F-4CD9-A8EE-57677447CD55}.Debug|Mixed Platforms.Build.0 = Debug|x86
		{C8885AC7-F07F-4CD9-A8EE-57677447CD55}.Debug|x86.ActiveCfg = Debug|x86
		{C8885AC7-F07F-4CD9-A8EE-57677447CD55}.Debug|x86.Build.0 = Debug|x86
		{C8885AC7-F07F-4CD9-A8EE-57677447CD55}.Release|Any CPU.ActiveCfg = Release|x86
		{C8885AC7-F07F-4CD9-A8EE-57677447CD55}.Release|Mixed Platforms.ActiveCfg = Release|x86
		{C8885AC7-F07F-4CD9-A8EE-57677447CD55}.Release|Mixed Platforms.Build.0 = Release|x86
		{C8885AC7-F07F-4CD9-A8EE-57677447CD55}.Release|x86.ActiveCfg = Release|x86
		{C8885AC7-F07F-4CD9-A8EE-57677447CD55}.Release|x86.Build.0 = Release|x86
		{0C50A9E9-A3B3-4B18-B87E-8F55E40EFE15}.Debug|Any CPU.ActiveCfg = Debug|Any CPU
		{0C50A9E9-A3B3-4B18-B87E-8F55E40EFE15}.Debug|Any CPU.Build.0 = Debug|Any CPU
		{0C50A9E9-A3B3-4B18-B87E-8F55E40EFE15}.Debug|Mixed Platforms.ActiveCfg = Debug|Any CPU
		{0C50A9E9-A3B3-4B18-B87E-8F55E40EFE15}.Debug|Mixed Platforms.Build.0 = Debug|Any CPU
		{0C50A9E9-A3B3-4B18-B87E-8F55E40EFE15}.Debug|x86.ActiveCfg = Debug|Any CPU
		{0C50A9E9-A3B3-4B18-B87E-8F55E40EFE15}.Release|Any CPU.ActiveCfg = Release|Any CPU
		{0C50A9E9-A3B3-4B18-B87E-8F55E40EFE15}.Release|Any CPU.Build.0 = Release|Any CPU
		{0C50A9E9-A3B3-4B18-B87E-8F55E40EFE15}.Release|Mixed Platforms.ActiveCfg = Release|Any CPU
		{0C50A9E9-A3B3-4B18-B87E-8F55E40EFE15}.Release|Mixed Platforms.Build.0 = Release|Any CPU
		{0C50A9E9-A3B3-4B18-B87E-8F55E40EFE15}.Release|x86.ActiveCfg = Release|Any CPU
		{506590FE-60DD-4761-9D80-D05EA44DAC05}.Debug|Any CPU.ActiveCfg = Debug|Any CPU
		{506590FE-60DD-4761-9D80-D05EA44DAC05}.Debug|Any CPU.Build.0 = Debug|Any CPU
		{506590FE-60DD-4761-9D80-D05EA44DAC05}.Debug|Mixed Platforms.ActiveCfg = Debug|Any CPU
		{506590FE-60DD-4761-9D80-D05EA44DAC05}.Debug|Mixed Platforms.Build.0 = Debug|Any CPU
		{506590FE-60DD-4761-9D80-D05EA44DAC05}.Debug|x86.ActiveCfg = Debug|Any CPU
		{506590FE-60DD-4761-9D80-D05EA44DAC05}.Release|Any CPU.ActiveCfg = Release|Any CPU
		{506590FE-60DD-4761-9D80-D05EA44DAC05}.Release|Any CPU.Build.0 = Release|Any CPU
		{506590FE-60DD-4761-9D80-D05EA44DAC05}.Release|Mixed Platforms.ActiveCfg = Release|Any CPU
		{506590FE-60DD-4761-9D80-D05EA44DAC05}.Release|Mixed Platforms.Build.0 = Release|Any CPU
		{506590FE-60DD-4761-9D80-D05EA44DAC05}.Release|x86.ActiveCfg = Release|Any CPU
	EndGlobalSection
	GlobalSection(SolutionProperties) = preSolution
		HideSolutionNode = FALSE
	EndGlobalSection
EndGlobal
